// !$*UTF8*$!
{
	archiveVersion = 1;
	classes = {
	};
	objectVersion = 50;
	objects = {

/* Begin PBXBuildFile section */
		913A837E21A6E85200F29E78 /* AppDelegate.swift in Sources */ = {isa = PBXBuildFile; fileRef = 913A837D21A6E85200F29E78 /* AppDelegate.swift */; };
		913A838021A6E85200F29E78 /* ViewController.swift in Sources */ = {isa = PBXBuildFile; fileRef = 913A837F21A6E85200F29E78 /* ViewController.swift */; };
		913A838321A6E85200F29E78 /* Main.storyboard in Resources */ = {isa = PBXBuildFile; fileRef = 913A838121A6E85200F29E78 /* Main.storyboard */; };
		913A838621A6E85200F29E78 /* Surya_Software_Systems.xcdatamodeld in Sources */ = {isa = PBXBuildFile; fileRef = 913A838421A6E85200F29E78 /* Surya_Software_Systems.xcdatamodeld */; };
		913A838821A6E85500F29E78 /* Assets.xcassets in Resources */ = {isa = PBXBuildFile; fileRef = 913A838721A6E85500F29E78 /* Assets.xcassets */; };
		913A838B21A6E85500F29E78 /* LaunchScreen.storyboard in Resources */ = {isa = PBXBuildFile; fileRef = 913A838921A6E85500F29E78 /* LaunchScreen.storyboard */; };
		913A839621A6E85600F29E78 /* Surya_Software_SystemsTests.swift in Sources */ = {isa = PBXBuildFile; fileRef = 913A839521A6E85600F29E78 /* Surya_Software_SystemsTests.swift */; };
		913A83A121A6E85600F29E78 /* Surya_Software_SystemsUITests.swift in Sources */ = {isa = PBXBuildFile; fileRef = 913A83A021A6E85600F29E78 /* Surya_Software_SystemsUITests.swift */; };
/* End PBXBuildFile section */

/* Begin PBXContainerItemProxy section */
		913A839221A6E85600F29E78 /* PBXContainerItemProxy */ = {
			isa = PBXContainerItemProxy;
			containerPortal = 913A837221A6E85200F29E78 /* Project object */;
			proxyType = 1;
			remoteGlobalIDString = 913A837921A6E85200F29E78;
			remoteInfo = "Surya Software Systems";
		};
		913A839D21A6E85600F29E78 /* PBXContainerItemProxy */ = {
			isa = PBXContainerItemProxy;
			containerPortal = 913A837221A6E85200F29E78 /* Project object */;
			proxyType = 1;
			remoteGlobalIDString = 913A837921A6E85200F29E78;
			remoteInfo = "Surya Software Systems";
		};
/* End PBXContainerItemProxy section */

/* Begin PBXFileReference section */
		913A837A21A6E85200F29E78 /* Surya Software Systems.app */ = {isa = PBXFileReference; explicitFileType = wrapper.application; includeInIndex = 0; path = "Surya Software Systems.app"; sourceTree = BUILT_PRODUCTS_DIR; };
		913A837D21A6E85200F29E78 /* AppDelegate.swift */ = {isa = PBXFileReference; lastKnownFileType = sourcecode.swift; path = AppDelegate.swift; sourceTree = "<group>"; };
		913A837F21A6E85200F29E78 /* ViewController.swift */ = {isa = PBXFileReference; lastKnownFileType = sourcecode.swift; path = ViewController.swift; sourceTree = "<group>"; };
		913A838221A6E85200F29E78 /* Base */ = {isa = PBXFileReference; lastKnownFileType = file.storyboard; name = Base; path = Base.lproj/Main.storyboard; sourceTree = "<group>"; };
		913A838521A6E85200F29E78 /* Surya_Software_Systems.xcdatamodel */ = {isa = PBXFileReference; lastKnownFileType = wrapper.xcdatamodel; path = Surya_Software_Systems.xcdatamodel; sourceTree = "<group>"; };
		913A838721A6E85500F29E78 /* Assets.xcassets */ = {isa = PBXFileReference; lastKnownFileType = folder.assetcatalog; path = Assets.xcassets; sourceTree = "<group>"; };
		913A838A21A6E85500F29E78 /* Base */ = {isa = PBXFileReference; lastKnownFileType = file.storyboard; name = Base; path = Base.lproj/LaunchScreen.storyboard; sourceTree = "<group>"; };
		913A838C21A6E85500F29E78 /* Info.plist */ = {isa = PBXFileReference; lastKnownFileType = text.plist.xml; path = Info.plist; sourceTree = "<group>"; };
		913A839121A6E85600F29E78 /* Surya Software SystemsTests.xctest */ = {isa = PBXFileReference; explicitFileType = wrapper.cfbundle; includeInIndex = 0; path = "Surya Software SystemsTests.xctest"; sourceTree = BUILT_PRODUCTS_DIR; };
		913A839521A6E85600F29E78 /* Surya_Software_SystemsTests.swift */ = {isa = PBXFileReference; lastKnownFileType = sourcecode.swift; path = Surya_Software_SystemsTests.swift; sourceTree = "<group>"; };
		913A839721A6E85600F29E78 /* Info.plist */ = {isa = PBXFileReference; lastKnownFileType = text.plist.xml; path = Info.plist; sourceTree = "<group>"; };
		913A839C21A6E85600F29E78 /* Surya Software SystemsUITests.xctest */ = {isa = PBXFileReference; explicitFileType = wrapper.cfbundle; includeInIndex = 0; path = "Surya Software SystemsUITests.xctest"; sourceTree = BUILT_PRODUCTS_DIR; };
		913A83A021A6E85600F29E78 /* Surya_Software_SystemsUITests.swift */ = {isa = PBXFileReference; lastKnownFileType = sourcecode.swift; path = Surya_Software_SystemsUITests.swift; sourceTree = "<group>"; };
		913A83A221A6E85600F29E78 /* Info.plist */ = {isa = PBXFileReference; lastKnownFileType = text.plist.xml; path = Info.plist; sourceTree = "<group>"; };
/* End PBXFileReference section */

/* Begin PBXFrameworksBuildPhase section */
		913A837721A6E85200F29E78 /* Frameworks */ = {
			isa = PBXFrameworksBuildPhase;
			buildActionMask = 2147483647;
			files = (
			);
			runOnlyForDeploymentPostprocessing = 0;
		};
		913A838E21A6E85600F29E78 /* Frameworks */ = {
			isa = PBXFrameworksBuildPhase;
			buildActionMask = 2147483647;
			files = (
			);
			runOnlyForDeploymentPostprocessing = 0;
		};
		913A839921A6E85600F29E78 /* Frameworks */ = {
			isa = PBXFrameworksBuildPhase;
			buildActionMask = 2147483647;
			files = (
			);
			runOnlyForDeploymentPostprocessing = 0;
		};
/* End PBXFrameworksBuildPhase section */

/* Begin PBXGroup section */
		913A837121A6E85200F29E78 = {
			isa = PBXGroup;
			children = (
				913A837C21A6E85200F29E78 /* Surya Software Systems */,
				913A839421A6E85600F29E78 /* Surya Software SystemsTests */,
				913A839F21A6E85600F29E78 /* Surya Software SystemsUITests */,
				913A837B21A6E85200F29E78 /* Products */,
			);
			sourceTree = "<group>";
		};
		913A837B21A6E85200F29E78 /* Products */ = {
			isa = PBXGroup;
			children = (
				913A837A21A6E85200F29E78 /* Surya Software Systems.app */,
				913A839121A6E85600F29E78 /* Surya Software SystemsTests.xctest */,
				913A839C21A6E85600F29E78 /* Surya Software SystemsUITests.xctest */,
			);
			name = Products;
			sourceTree = "<group>";
		};
		913A837C21A6E85200F29E78 /* Surya Software Systems */ = {
			isa = PBXGroup;
			children = (
				913A837D21A6E85200F29E78 /* AppDelegate.swift */,
				913A837F21A6E85200F29E78 /* ViewController.swift */,
				913A838121A6E85200F29E78 /* Main.storyboard */,
				913A838721A6E85500F29E78 /* Assets.xcassets */,
				913A838921A6E85500F29E78 /* LaunchScreen.storyboard */,
				913A838C21A6E85500F29E78 /* Info.plist */,
				913A838421A6E85200F29E78 /* Surya_Software_Systems.xcdatamodeld */,
			);
			path = "Surya Software Systems";
			sourceTree = "<group>";
		};
		913A839421A6E85600F29E78 /* Surya Software SystemsTests */ = {
			isa = PBXGroup;
			children = (
				913A839521A6E85600F29E78 /* Surya_Software_SystemsTests.swift */,
				913A839721A6E85600F29E78 /* Info.plist */,
			);
			path = "Surya Software SystemsTests";
			sourceTree = "<group>";
		};
		913A839F21A6E85600F29E78 /* Surya Software SystemsUITests */ = {
			isa = PBXGroup;
			children = (
				913A83A021A6E85600F29E78 /* Surya_Software_SystemsUITests.swift */,
				913A83A221A6E85600F29E78 /* Info.plist */,
			);
			path = "Surya Software SystemsUITests";
			sourceTree = "<group>";
		};
/* End PBXGroup section */

/* Begin PBXNativeTarget section */
		913A837921A6E85200F29E78 /* Surya Software Systems */ = {
			isa = PBXNativeTarget;
			buildConfigurationList = 913A83A521A6E85600F29E78 /* Build configuration list for PBXNativeTarget "Surya Software Systems" */;
			buildPhases = (
				913A837621A6E85200F29E78 /* Sources */,
				913A837721A6E85200F29E78 /* Frameworks */,
				913A837821A6E85200F29E78 /* Resources */,
			);
			buildRules = (
			);
			dependencies = (
			);
			name = "Surya Software Systems";
			productName = "Surya Software Systems";
			productReference = 913A837A21A6E85200F29E78 /* Surya Software Systems.app */;
			productType = "com.apple.product-type.application";
		};
		913A839021A6E85600F29E78 /* Surya Software SystemsTests */ = {
			isa = PBXNativeTarget;
			buildConfigurationList = 913A83A821A6E85600F29E78 /* Build configuration list for PBXNativeTarget "Surya Software SystemsTests" */;
			buildPhases = (
				913A838D21A6E85600F29E78 /* Sources */,
				913A838E21A6E85600F29E78 /* Frameworks */,
				913A838F21A6E85600F29E78 /* Resources */,
			);
			buildRules = (
			);
			dependencies = (
				913A839321A6E85600F29E78 /* PBXTargetDependency */,
			);
			name = "Surya Software SystemsTests";
			productName = "Surya Software SystemsTests";
			productReference = 913A839121A6E85600F29E78 /* Surya Software SystemsTests.xctest */;
			productType = "com.apple.product-type.bundle.unit-test";
		};
		913A839B21A6E85600F29E78 /* Surya Software SystemsUITests */ = {
			isa = PBXNativeTarget;
			buildConfigurationList = 913A83AB21A6E85600F29E78 /* Build configuration list for PBXNativeTarget "Surya Software SystemsUITests" */;
			buildPhases = (
				913A839821A6E85600F29E78 /* Sources */,
				913A839921A6E85600F29E78 /* Frameworks */,
				913A839A21A6E85600F29E78 /* Resources */,
			);
			buildRules = (
			);
			dependencies = (
				913A839E21A6E85600F29E78 /* PBXTargetDependency */,
			);
			name = "Surya Software SystemsUITests";
			productName = "Surya Software SystemsUITests";
			productReference = 913A839C21A6E85600F29E78 /* Surya Software SystemsUITests.xctest */;
			productType = "com.apple.product-type.bundle.ui-testing";
		};
/* End PBXNativeTarget section */

/* Begin PBXProject section */
		913A837221A6E85200F29E78 /* Project object */ = {
			isa = PBXProject;
			attributes = {
				LastSwiftUpdateCheck = 1000;
				LastUpgradeCheck = 1000;
				ORGANIZATIONNAME = "Raghavendra Dattawad";
				TargetAttributes = {
					913A837921A6E85200F29E78 = {
						CreatedOnToolsVersion = 10.0;
					};
					913A839021A6E85600F29E78 = {
						CreatedOnToolsVersion = 10.0;
						TestTargetID = 913A837921A6E85200F29E78;
					};
					913A839B21A6E85600F29E78 = {
						CreatedOnToolsVersion = 10.0;
						TestTargetID = 913A837921A6E85200F29E78;
					};
				};
			};
			buildConfigurationList = 913A837521A6E85200F29E78 /* Build configuration list for PBXProject "Surya Software Systems" */;
			compatibilityVersion = "Xcode 9.3";
			developmentRegion = en;
			hasScannedForEncodings = 0;
			knownRegions = (
				en,
				Base,
			);
			mainGroup = 913A837121A6E85200F29E78;
			productRefGroup = 913A837B21A6E85200F29E78 /* Products */;
			projectDirPath = "";
			projectRoot = "";
			targets = (
				913A837921A6E85200F29E78 /* Surya Software Systems */,
				913A839021A6E85600F29E78 /* Surya Software SystemsTests */,
				913A839B21A6E85600F29E78 /* Surya Software SystemsUITests */,
			);
		};
/* End PBXProject section */

/* Begin PBXResourcesBuildPhase section */
		913A837821A6E85200F29E78 /* Resources */ = {
			isa = PBXResourcesBuildPhase;
			buildActionMask = 2147483647;
			files = (
				913A838B21A6E85500F29E78 /* LaunchScreen.storyboard in Resources */,
				913A838821A6E85500F29E78 /* Assets.xcassets in Resources */,
				913A838321A6E85200F29E78 /* Main.storyboard in Resources */,
			);
			runOnlyForDeploymentPostprocessing = 0;
		};
		913A838F21A6E85600F29E78 /* Resources */ = {
			isa = PBXResourcesBuildPhase;
			buildActionMask = 2147483647;
			files = (
			);
			runOnlyForDeploymentPostprocessing = 0;
		};
		913A839A21A6E85600F29E78 /* Resources */ = {
			isa = PBXResourcesBuildPhase;
			buildActionMask = 2147483647;
			files = (
			);
			runOnlyForDeploymentPostprocessing = 0;
		};
/* End PBXResourcesBuildPhase section */

/* Begin PBXSourcesBuildPhase section */
		913A837621A6E85200F29E78 /* Sources */ = {
			isa = PBXSourcesBuildPhase;
			buildActionMask = 2147483647;
			files = (
				913A838021A6E85200F29E78 /* ViewController.swift in Sources */,
				913A838621A6E85200F29E78 /* Surya_Software_Systems.xcdatamodeld in Sources */,
				913A837E21A6E85200F29E78 /* AppDelegate.swift in Sources */,
			);
			runOnlyForDeploymentPostprocessing = 0;
		};
		913A838D21A6E85600F29E78 /* Sources */ = {
			isa = PBXSourcesBuildPhase;
			buildActionMask = 2147483647;
			files = (
				913A839621A6E85600F29E78 /* Surya_Software_SystemsTests.swift in Sources */,
			);
			runOnlyForDeploymentPostprocessing = 0;
		};
		913A839821A6E85600F29E78 /* Sources */ = {
			isa = PBXSourcesBuildPhase;
			buildActionMask = 2147483647;
			files = (
				913A83A121A6E85600F29E78 /* Surya_Software_SystemsUITests.swift in Sources */,
			);
			runOnlyForDeploymentPostprocessing = 0;
		};
/* End PBXSourcesBuildPhase section */

/* Begin PBXTargetDependency section */
		913A839321A6E85600F29E78 /* PBXTargetDependency */ = {
			isa = PBXTargetDependency;
			target = 913A837921A6E85200F29E78 /* Surya Software Systems */;
			targetProxy = 913A839221A6E85600F29E78 /* PBXContainerItemProxy */;
		};
		913A839E21A6E85600F29E78 /* PBXTargetDependency */ = {
			isa = PBXTargetDependency;
			target = 913A837921A6E85200F29E78 /* Surya Software Systems */;
			targetProxy = 913A839D21A6E85600F29E78 /* PBXContainerItemProxy */;
		};
/* End PBXTargetDependency section */

/* Begin PBXVariantGroup section */
		913A838121A6E85200F29E78 /* Main.storyboard */ = {
			isa = PBXVariantGroup;
			children = (
				913A838221A6E85200F29E78 /* Base */,
			);
			name = Main.storyboard;
			sourceTree = "<group>";
		};
		913A838921A6E85500F29E78 /* LaunchScreen.storyboard */ = {
			isa = PBXVariantGroup;
			children = (
				913A838A21A6E85500F29E78 /* Base */,
			);
			name = LaunchScreen.storyboard;
			sourceTree = "<group>";
		};
/* End PBXVariantGroup section */

/* Begin XCBuildConfiguration section */
		913A83A321A6E85600F29E78 /* Debug */ = {
			isa = XCBuildConfiguration;
			buildSettings = {
				ALWAYS_SEARCH_USER_PATHS = NO;
				CLANG_ANALYZER_NONNULL = YES;
				CLANG_ANALYZER_NUMBER_OBJECT_CONVERSION = YES_AGGRESSIVE;
				CLANG_CXX_LANGUAGE_STANDARD = "gnu++14";
				CLANG_CXX_LIBRARY = "libc++";
				CLANG_ENABLE_MODULES = YES;
				CLANG_ENABLE_OBJC_ARC = YES;
				CLANG_ENABLE_OBJC_WEAK = YES;
				CLANG_WARN_BLOCK_CAPTURE_AUTORELEASING = YES;
				CLANG_WARN_BOOL_CONVERSION = YES;
				CLANG_WARN_COMMA = YES;
				CLANG_WARN_CONSTANT_CONVERSION = YES;
				CLANG_WARN_DEPRECATED_OBJC_IMPLEMENTATIONS = YES;
				CLANG_WARN_DIRECT_OBJC_ISA_USAGE = YES_ERROR;
				CLANG_WARN_DOCUMENTATION_COMMENTS = YES;
				CLANG_WARN_EMPTY_BODY = YES;
				CLANG_WARN_ENUM_CONVERSION = YES;
				CLANG_WARN_INFINITE_RECURSION = YES;
				CLANG_WARN_INT_CONVERSION = YES;
				CLANG_WARN_NON_LITERAL_NULL_CONVERSION = YES;
				CLANG_WARN_OBJC_IMPLICIT_RETAIN_SELF = YES;
				CLANG_WARN_OBJC_LITERAL_CONVERSION = YES;
				CLANG_WARN_OBJC_ROOT_CLASS = YES_ERROR;
				CLANG_WARN_RANGE_LOOP_ANALYSIS = YES;
				CLANG_WARN_STRICT_PROTOTYPES = YES;
				CLANG_WARN_SUSPICIOUS_MOVE = YES;
				CLANG_WARN_UNGUARDED_AVAILABILITY = YES_AGGRESSIVE;
				CLANG_WARN_UNREACHABLE_CODE = YES;
				CLANG_WARN__DUPLICATE_METHOD_MATCH = YES;
				CODE_SIGN_IDENTITY = "iPhone Developer";
				COPY_PHASE_STRIP = NO;
				DEBUG_INFORMATION_FORMAT = dwarf;
				ENABLE_STRICT_OBJC_MSGSEND = YES;
				ENABLE_TESTABILITY = YES;
				GCC_C_LANGUAGE_STANDARD = gnu11;
				GCC_DYNAMIC_NO_PIC = NO;
				GCC_NO_COMMON_BLOCKS = YES;
				GCC_OPTIMIZATION_LEVEL = 0;
				GCC_PREPROCESSOR_DEFINITIONS = (
					"DEBUG=1",
					"$(inherited)",
				);
				GCC_WARN_64_TO_32_BIT_CONVERSION = YES;
				GCC_WARN_ABOUT_RETURN_TYPE = YES_ERROR;
				GCC_WARN_UNDECLARED_SELECTOR = YES;
				GCC_WARN_UNINITIALIZED_AUTOS = YES_AGGRESSIVE;
				GCC_WARN_UNUSED_FUNCTION = YES;
				GCC_WARN_UNUSED_VARIABLE = YES;
				IPHONEOS_DEPLOYMENT_TARGET = 12.0;
				MTL_ENABLE_DEBUG_INFO = INCLUDE_SOURCE;
				MTL_FAST_MATH = YES;
				ONLY_ACTIVE_ARCH = YES;
				SDKROOT = iphoneos;
				SWIFT_ACTIVE_COMPILATION_CONDITIONS = DEBUG;
				SWIFT_OPTIMIZATION_LEVEL = "-Onone";
			};
			name = Debug;
		};
		913A83A421A6E85600F29E78 /* Release */ = {
			isa = XCBuildConfiguration;
			buildSettings = {
				ALWAYS_SEARCH_USER_PATHS = NO;
				CLANG_ANALYZER_NONNULL = YES;
				CLANG_ANALYZER_NUMBER_OBJECT_CONVERSION = YES_AGGRESSIVE;
				CLANG_CXX_LANGUAGE_STANDARD = "gnu++14";
				CLANG_CXX_LIBRARY = "libc++";
				CLANG_ENABLE_MODULES = YES;
				CLANG_ENABLE_OBJC_ARC = YES;
				CLANG_ENABLE_OBJC_WEAK = YES;
				CLANG_WARN_BLOCK_CAPTURE_AUTORELEASING = YES;
				CLANG_WARN_BOOL_CONVERSION = YES;
				CLANG_WARN_COMMA = YES;
				CLANG_WARN_CONSTANT_CONVERSION = YES;
				CLANG_WARN_DEPRECATED_OBJC_IMPLEMENTATIONS = YES;
				CLANG_WARN_DIRECT_OBJC_ISA_USAGE = YES_ERROR;
				CLANG_WARN_DOCUMENTATION_COMMENTS = YES;
				CLANG_WARN_EMPTY_BODY = YES;
				CLANG_WARN_ENUM_CONVERSION = YES;
				CLANG_WARN_INFINITE_RECURSION = YES;
				CLANG_WARN_INT_CONVERSION = YES;
				CLANG_WARN_NON_LITERAL_NULL_CONVERSION = YES;
				CLANG_WARN_OBJC_IMPLICIT_RETAIN_SELF = YES;
				CLANG_WARN_OBJC_LITERAL_CONVERSION = YES;
				CLANG_WARN_OBJC_ROOT_CLASS = YES_ERROR;
				CLANG_WARN_RANGE_LOOP_ANALYSIS = YES;
				CLANG_WARN_STRICT_PROTOTYPES = YES;
				CLANG_WARN_SUSPICIOUS_MOVE = YES;
				CLANG_WARN_UNGUARDED_AVAILABILITY = YES_AGGRESSIVE;
				CLANG_WARN_UNREACHABLE_CODE = YES;
				CLANG_WARN__DUPLICATE_METHOD_MATCH = YES;
				CODE_SIGN_IDENTITY = "iPhone Developer";
				COPY_PHASE_STRIP = NO;
				DEBUG_INFORMATION_FORMAT = "dwarf-with-dsym";
				ENABLE_NS_ASSERTIONS = NO;
				ENABLE_STRICT_OBJC_MSGSEND = YES;
				GCC_C_LANGUAGE_STANDARD = gnu11;
				GCC_NO_COMMON_BLOCKS = YES;
				GCC_WARN_64_TO_32_BIT_CONVERSION = YES;
				GCC_WARN_ABOUT_RETURN_TYPE = YES_ERROR;
				GCC_WARN_UNDECLARED_SELECTOR = YES;
				GCC_WARN_UNINITIALIZED_AUTOS = YES_AGGRESSIVE;
				GCC_WARN_UNUSED_FUNCTION = YES;
				GCC_WARN_UNUSED_VARIABLE = YES;
				IPHONEOS_DEPLOYMENT_TARGET = 12.0;
				MTL_ENABLE_DEBUG_INFO = NO;
				MTL_FAST_MATH = YES;
				SDKROOT = iphoneos;
				SWIFT_COMPILATION_MODE = wholemodule;
				SWIFT_OPTIMIZATION_LEVEL = "-O";
				VALIDATE_PRODUCT = YES;
			};
			name = Release;
		};
		913A83A621A6E85600F29E78 /* Debug */ = {
			isa = XCBuildConfiguration;
			buildSettings = {
				ASSETCATALOG_COMPILER_APPICON_NAME = AppIcon;
				CODE_SIGN_STYLE = Automatic;
				INFOPLIST_FILE = "Surya Software Systems/Info.plist";
				LD_RUNPATH_SEARCH_PATHS = (
					"$(inherited)",
					"@executable_path/Frameworks",
				);
				PRODUCT_BUNDLE_IDENTIFIER = "com.surya.soft.Surya-Software-Systems";
				PRODUCT_NAME = "$(TARGET_NAME)";
				SWIFT_VERSION = 4.2;
				TARGETED_DEVICE_FAMILY = "1,2";
			};
			name = Debug;
		};
		913A83A721A6E85600F29E78 /* Release */ = {
			isa = XCBuildConfiguration;
			buildSettings = {
				ASSETCATALOG_COMPILER_APPICON_NAME = AppIcon;
				CODE_SIGN_STYLE = Automatic;
				INFOPLIST_FILE = "Surya Software Systems/Info.plist";
				LD_RUNPATH_SEARCH_PATHS = (
					"$(inherited)",
					"@executable_path/Frameworks",
				);
				PRODUCT_BUNDLE_IDENTIFIER = "com.surya.soft.Surya-Software-Systems";
				PRODUCT_NAME = "$(TARGET_NAME)";
				SWIFT_VERSION = 4.2;
				TARGETED_DEVICE_FAMILY = "1,2";
			};
			name = Release;
		};
		913A83A921A6E85600F29E78 /* Debug */ = {
			isa = XCBuildConfiguration;
			buildSettings = {
				ALWAYS_EMBED_SWIFT_STANDARD_LIBRARIES = YES;
				BUNDLE_LOADER = "$(TEST_HOST)";
				CODE_SIGN_STYLE = Automatic;
				INFOPLIST_FILE = "Surya Software SystemsTests/Info.plist";
				LD_RUNPATH_SEARCH_PATHS = (
					"$(inherited)",
					"@executable_path/Frameworks",
					"@loader_path/Frameworks",
				);
				PRODUCT_BUNDLE_IDENTIFIER = "com.surya.soft.Surya-Software-SystemsTests";
				PRODUCT_NAME = "$(TARGET_NAME)";
				SWIFT_VERSION = 4.2;
				TARGETED_DEVICE_FAMILY = "1,2";
				TEST_HOST = "$(BUILT_PRODUCTS_DIR)/Surya Software Systems.app/Surya Software Systems";
			};
			name = Debug;
		};
		913A83AA21A6E85600F29E78 /* Release */ = {
			isa = XCBuildConfiguration;
			buildSettings = {
				ALWAYS_EMBED_SWIFT_STANDARD_LIBRARIES = YES;
				BUNDLE_LOADER = "$(TEST_HOST)";
				CODE_SIGN_STYLE = Automatic;
				INFOPLIST_FILE = "Surya Software SystemsTests/Info.plist";
				LD_RUNPATH_SEARCH_PATHS = (
					"$(inherited)",
					"@executable_path/Frameworks",
					"@loader_path/Frameworks",
				);
				PRODUCT_BUNDLE_IDENTIFIER = "com.surya.soft.Surya-Software-SystemsTests";
				PRODUCT_NAME = "$(TARGET_NAME)";
				SWIFT_VERSION = 4.2;
				TARGETED_DEVICE_FAMILY = "1,2";
				TEST_HOST = "$(BUILT_PRODUCTS_DIR)/Surya Software Systems.app/Surya Software Systems";
			};
			name = Release;
		};
		913A83AC21A6E85600F29E78 /* Debug */ = {
			isa = XCBuildConfiguration;
			buildSettings = {
				ALWAYS_EMBED_SWIFT_STANDARD_LIBRARIES = YES;
				CODE_SIGN_STYLE = Automatic;
				INFOPLIST_FILE = "Surya Software SystemsUITests/Info.plist";
				LD_RUNPATH_SEARCH_PATHS = (
					"$(inherited)",
					"@executable_path/Frameworks",
					"@loader_path/Frameworks",
				);
				PRODUCT_BUNDLE_IDENTIFIER = "com.surya.soft.Surya-Software-SystemsUITests";
				PRODUCT_NAME = "$(TARGET_NAME)";
				SWIFT_VERSION = 4.2;
				TARGETED_DEVICE_FAMILY = "1,2";
				TEST_TARGET_NAME = "Surya Software Systems";
			};
			name = Debug;
		};
		913A83AD21A6E85600F29E78 /* Release */ = {
			isa = XCBuildConfiguration;
			buildSettings = {
				ALWAYS_EMBED_SWIFT_STANDARD_LIBRARIES = YES;
				CODE_SIGN_STYLE = Automatic;
				INFOPLIST_FILE = "Surya Software SystemsUITests/Info.plist";
				LD_RUNPATH_SEARCH_PATHS = (
					"$(inherited)",
					"@executable_path/Frameworks",
					"@loader_path/Frameworks",
				);
				PRODUCT_BUNDLE_IDENTIFIER = "com.surya.soft.Surya-Software-SystemsUITests";
				PRODUCT_NAME = "$(TARGET_NAME)";
				SWIFT_VERSION = 4.2;
				TARGETED_DEVICE_FAMILY = "1,2";
				TEST_TARGET_NAME = "Surya Software Systems";
			};
			name = Release;
		};
/* End XCBuildConfiguration section */

/* Begin XCConfigurationList section */
		913A837521A6E85200F29E78 /* Build configuration list for PBXProject "Surya Software Systems" */ = {
			isa = XCConfigurationList;
			buildConfigurations = (
				913A83A321A6E85600F29E78 /* Debug */,
				913A83A421A6E85600F29E78 /* Release */,
			);
			defaultConfigurationIsVisible = 0;
			defaultConfigurationName = Release;
		};
		913A83A521A6E85600F29E78 /* Build configuration list for PBXNativeTarget "Surya Software Systems" */ = {
			isa = XCConfigurationList;
			buildConfigurations = (
				913A83A621A6E85600F29E78 /* Debug */,
				913A83A721A6E85600F29E78 /* Release */,
			);
			defaultConfigurationIsVisible = 0;
			defaultConfigurationName = Release;
		};
		913A83A821A6E85600F29E78 /* Build configuration list for PBXNativeTarget "Surya Software SystemsTests" */ = {
			isa = XCConfigurationList;
			buildConfigurations = (
				913A83A921A6E85600F29E78 /* Debug */,
				913A83AA21A6E85600F29E78 /* Release */,
			);
			defaultConfigurationIsVisible = 0;
			defaultConfigurationName = Release;
		};
		913A83AB21A6E85600F29E78 /* Build configuration list for PBXNativeTarget "Surya Software SystemsUITests" */ = {
			isa = XCConfigurationList;
			buildConfigurations = (
				913A83AC21A6E85600F29E78 /* Debug */,
				913A83AD21A6E85600F29E78 /* Release */,
			);
			defaultConfigurationIsVisible = 0;
			defaultConfigurationName = Release;
		};
/* End XCConfigurationList section */

/* Begin XCVersionGroup section */
		913A838421A6E85200F29E78 /* Surya_Software_Systems.xcdatamodeld */ = {
			isa = XCVersionGroup;
			children = (
				913A838521A6E85200F29E78 /* Surya_Software_Systems.xcdatamodel */,
			);
			currentVersion = 913A838521A6E85200F29E78 /* Surya_Software_Systems.xcdatamodel */;
			path = Surya_Software_Systems.xcdatamodeld;
			sourceTree = "<group>";
			versionGroupType = wrapper.xcdatamodel;
		};
/* End XCVersionGroup section */
	};
	rootObject = 913A837221A6E85200F29E78 /* Project object */;
}
